// !$*UTF8*$!
{
	archiveVersion = 1;
	classes = {
	};
	objectVersion = 50;
	objects = {

/* Begin PBXBuildFile section */
		A337743022C045DE00FBD2CC /* EventViewController.swift in Sources */ = {isa = PBXBuildFile; fileRef = A337742F22C045DE00FBD2CC /* EventViewController.swift */; };
		A359533E22BC0B17001B25C2 /* AppDelegate.swift in Sources */ = {isa = PBXBuildFile; fileRef = A359533D22BC0B17001B25C2 /* AppDelegate.swift */; };
		A359534022BC0B17001B25C2 /* MainViewController.swift in Sources */ = {isa = PBXBuildFile; fileRef = A359533F22BC0B17001B25C2 /* MainViewController.swift */; };
		A359534322BC0B17001B25C2 /* Main.storyboard in Resources */ = {isa = PBXBuildFile; fileRef = A359534122BC0B17001B25C2 /* Main.storyboard */; };
		A359534522BC0B19001B25C2 /* Assets.xcassets in Resources */ = {isa = PBXBuildFile; fileRef = A359534422BC0B19001B25C2 /* Assets.xcassets */; };
		A359534822BC0B19001B25C2 /* LaunchScreen.storyboard in Resources */ = {isa = PBXBuildFile; fileRef = A359534622BC0B19001B25C2 /* LaunchScreen.storyboard */; };
		A359535022BC0B4A001B25C2 /* Event.swift in Sources */ = {isa = PBXBuildFile; fileRef = A359534F22BC0B4A001B25C2 /* Event.swift */; };
		A359535422BC113B001B25C2 /* Globals.swift in Sources */ = {isa = PBXBuildFile; fileRef = A359535322BC113B001B25C2 /* Globals.swift */; };
		A359535622BC1164001B25C2 /* Events.swift in Sources */ = {isa = PBXBuildFile; fileRef = A359535522BC1164001B25C2 /* Events.swift */; };
		A3E52C5722D18D0B00161D94 /* textViewDelegate.swift in Sources */ = {isa = PBXBuildFile; fileRef = A3E52C5622D18D0B00161D94 /* textViewDelegate.swift */; };
		A3E52C5922D2B9AF00161D94 /* recurrenceType.swift in Sources */ = {isa = PBXBuildFile; fileRef = A3E52C5822D2B9AF00161D94 /* recurrenceType.swift */; };
/* End PBXBuildFile section */

/* Begin PBXFileReference section */
		A337742F22C045DE00FBD2CC /* EventViewController.swift */ = {isa = PBXFileReference; lastKnownFileType = sourcecode.swift; path = EventViewController.swift; sourceTree = "<group>"; };
		A359533A22BC0B17001B25C2 /* Alert.app */ = {isa = PBXFileReference; explicitFileType = wrapper.application; includeInIndex = 0; path = Alert.app; sourceTree = BUILT_PRODUCTS_DIR; };
		A359533D22BC0B17001B25C2 /* AppDelegate.swift */ = {isa = PBXFileReference; lastKnownFileType = sourcecode.swift; path = AppDelegate.swift; sourceTree = "<group>"; };
		A359533F22BC0B17001B25C2 /* MainViewController.swift */ = {isa = PBXFileReference; lastKnownFileType = sourcecode.swift; path = MainViewController.swift; sourceTree = "<group>"; };
		A359534222BC0B17001B25C2 /* Base */ = {isa = PBXFileReference; lastKnownFileType = file.storyboard; name = Base; path = Base.lproj/Main.storyboard; sourceTree = "<group>"; };
		A359534422BC0B19001B25C2 /* Assets.xcassets */ = {isa = PBXFileReference; lastKnownFileType = folder.assetcatalog; path = Assets.xcassets; sourceTree = "<group>"; };
		A359534722BC0B19001B25C2 /* Base */ = {isa = PBXFileReference; lastKnownFileType = file.storyboard; name = Base; path = Base.lproj/LaunchScreen.storyboard; sourceTree = "<group>"; };
		A359534922BC0B19001B25C2 /* Info.plist */ = {isa = PBXFileReference; lastKnownFileType = text.plist.xml; path = Info.plist; sourceTree = "<group>"; };
		A359534F22BC0B4A001B25C2 /* Event.swift */ = {isa = PBXFileReference; lastKnownFileType = sourcecode.swift; path = Event.swift; sourceTree = "<group>"; };
		A359535322BC113B001B25C2 /* Globals.swift */ = {isa = PBXFileReference; lastKnownFileType = sourcecode.swift; path = Globals.swift; sourceTree = "<group>"; };
		A359535522BC1164001B25C2 /* Events.swift */ = {isa = PBXFileReference; lastKnownFileType = sourcecode.swift; path = Events.swift; sourceTree = "<group>"; };
		A3E52C5622D18D0B00161D94 /* textViewDelegate.swift */ = {isa = PBXFileReference; lastKnownFileType = sourcecode.swift; path = textViewDelegate.swift; sourceTree = "<group>"; };
		A3E52C5822D2B9AF00161D94 /* recurrenceType.swift */ = {isa = PBXFileReference; lastKnownFileType = sourcecode.swift; path = recurrenceType.swift; sourceTree = "<group>"; };
/* End PBXFileReference section */

/* Begin PBXFrameworksBuildPhase section */
		A359533722BC0B17001B25C2 /* Frameworks */ = {
			isa = PBXFrameworksBuildPhase;
			buildActionMask = 2147483647;
			files = (
			);
			runOnlyForDeploymentPostprocessing = 0;
		};
/* End PBXFrameworksBuildPhase section */

/* Begin PBXGroup section */
		A359533122BC0B17001B25C2 = {
			isa = PBXGroup;
			children = (
				A359533C22BC0B17001B25C2 /* Alert */,
				A359533B22BC0B17001B25C2 /* Products */,
			);
			sourceTree = "<group>";
		};
		A359533B22BC0B17001B25C2 /* Products */ = {
			isa = PBXGroup;
			children = (
				A359533A22BC0B17001B25C2 /* Alert.app */,
			);
			name = Products;
			sourceTree = "<group>";
		};
		A359533C22BC0B17001B25C2 /* Alert */ = {
			isa = PBXGroup;
			children = (
				A359533D22BC0B17001B25C2 /* AppDelegate.swift */,
				A359533F22BC0B17001B25C2 /* MainViewController.swift */,
				A337742F22C045DE00FBD2CC /* EventViewController.swift */,
				A359535322BC113B001B25C2 /* Globals.swift */,
				A359534122BC0B17001B25C2 /* Main.storyboard */,
				A3E52C5822D2B9AF00161D94 /* recurrenceType.swift */,
				A3E52C5622D18D0B00161D94 /* textViewDelegate.swift */,
				A359534422BC0B19001B25C2 /* Assets.xcassets */,
				A359534622BC0B19001B25C2 /* LaunchScreen.storyboard */,
				A359534922BC0B19001B25C2 /* Info.plist */,
				A359534F22BC0B4A001B25C2 /* Event.swift */,
				A359535522BC1164001B25C2 /* Events.swift */,
			);
			path = Alert;
			sourceTree = "<group>";
		};
/* End PBXGroup section */

/* Begin PBXNativeTarget section */
		A359533922BC0B17001B25C2 /* Alert */ = {
			isa = PBXNativeTarget;
			buildConfigurationList = A359534C22BC0B19001B25C2 /* Build configuration list for PBXNativeTarget "Alert" */;
			buildPhases = (
				A359533622BC0B17001B25C2 /* Sources */,
				A359533722BC0B17001B25C2 /* Frameworks */,
				A359533822BC0B17001B25C2 /* Resources */,
			);
			buildRules = (
			);
			dependencies = (
			);
			name = Alert;
			productName = Alert;
			productReference = A359533A22BC0B17001B25C2 /* Alert.app */;
			productType = "com.apple.product-type.application";
		};
/* End PBXNativeTarget section */

/* Begin PBXProject section */
		A359533222BC0B17001B25C2 /* Project object */ = {
			isa = PBXProject;
			attributes = {
				LastSwiftUpdateCheck = 1020;
				LastUpgradeCheck = 1020;
				ORGANIZATIONNAME = "Luke Deerinck";
				TargetAttributes = {
					A359533922BC0B17001B25C2 = {
						CreatedOnToolsVersion = 10.2.1;
					};
				};
			};
			buildConfigurationList = A359533522BC0B17001B25C2 /* Build configuration list for PBXProject "Alert" */;
			compatibilityVersion = "Xcode 9.3";
			developmentRegion = en;
			hasScannedForEncodings = 0;
			knownRegions = (
				en,
				Base,
			);
			mainGroup = A359533122BC0B17001B25C2;
			productRefGroup = A359533B22BC0B17001B25C2 /* Products */;
			projectDirPath = "";
			projectRoot = "";
			targets = (
				A359533922BC0B17001B25C2 /* Alert */,
			);
		};
/* End PBXProject section */

/* Begin PBXResourcesBuildPhase section */
		A359533822BC0B17001B25C2 /* Resources */ = {
			isa = PBXResourcesBuildPhase;
			buildActionMask = 2147483647;
			files = (
				A359534822BC0B19001B25C2 /* LaunchScreen.storyboard in Resources */,
				A359534522BC0B19001B25C2 /* Assets.xcassets in Resources */,
				A359534322BC0B17001B25C2 /* Main.storyboard in Resources */,
			);
			runOnlyForDeploymentPostprocessing = 0;
		};
/* End PBXResourcesBuildPhase section */

/* Begin PBXSourcesBuildPhase section */
		A359533622BC0B17001B25C2 /* Sources */ = {
			isa = PBXSourcesBuildPhase;
			buildActionMask = 2147483647;
			files = (
				A3E52C5722D18D0B00161D94 /* textViewDelegate.swift in Sources */,
				A359535422BC113B001B25C2 /* Globals.swift in Sources */,
				A359534022BC0B17001B25C2 /* MainViewController.swift in Sources */,
				A359535022BC0B4A001B25C2 /* Event.swift in Sources */,
				A359533E22BC0B17001B25C2 /* AppDelegate.swift in Sources */,
				A359535622BC1164001B25C2 /* Events.swift in Sources */,
				A337743022C045DE00FBD2CC /* EventViewController.swift in Sources */,
				A3E52C5922D2B9AF00161D94 /* recurrenceType.swift in Sources */,
			);
			runOnlyForDeploymentPostprocessing = 0;
		};
/* End PBXSourcesBuildPhase section */

/* Begin PBXVariantGroup section */
		A359534122BC0B17001B25C2 /* Main.storyboard */ = {
			isa = PBXVariantGroup;
			children = (
				A359534222BC0B17001B25C2 /* Base */,
			);
			name = Main.storyboard;
			sourceTree = "<group>";
		};
		A359534622BC0B19001B25C2 /* LaunchScreen.storyboard */ = {
			isa = PBXVariantGroup;
			children = (
				A359534722BC0B19001B25C2 /* Base */,
			);
			name = LaunchScreen.storyboard;
			sourceTree = "<group>";
		};
/* End PBXVariantGroup section */

/* Begin XCBuildConfiguration section */
		A359534A22BC0B19001B25C2 /* Debug */ = {
			isa = XCBuildConfiguration;
			buildSettings = {
				ALWAYS_SEARCH_USER_PATHS = NO;
				CLANG_ANALYZER_NONNULL = YES;
				CLANG_ANALYZER_NUMBER_OBJECT_CONVERSION = YES_AGGRESSIVE;
				CLANG_CXX_LANGUAGE_STANDARD = "gnu++14";
				CLANG_CXX_LIBRARY = "libc++";
				CLANG_ENABLE_MODULES = YES;
				CLANG_ENABLE_OBJC_ARC = YES;
				CLANG_ENABLE_OBJC_WEAK = YES;
				CLANG_WARN_BLOCK_CAPTURE_AUTORELEASING = YES;
				CLANG_WARN_BOOL_CONVERSION = YES;
				CLANG_WARN_COMMA = YES;
				CLANG_WARN_CONSTANT_CONVERSION = YES;
				CLANG_WARN_DEPRECATED_OBJC_IMPLEMENTATIONS = YES;
				CLANG_WARN_DIRECT_OBJC_ISA_USAGE = YES_ERROR;
				CLANG_WARN_DOCUMENTATION_COMMENTS = YES;
				CLANG_WARN_EMPTY_BODY = YES;
				CLANG_WARN_ENUM_CONVERSION = YES;
				CLANG_WARN_INFINITE_RECURSION = YES;
				CLANG_WARN_INT_CONVERSION = YES;
				CLANG_WARN_NON_LITERAL_NULL_CONVERSION = YES;
				CLANG_WARN_OBJC_IMPLICIT_RETAIN_SELF = YES;
				CLANG_WARN_OBJC_LITERAL_CONVERSION = YES;
				CLANG_WARN_OBJC_ROOT_CLASS = YES_ERROR;
				CLANG_WARN_RANGE_LOOP_ANALYSIS = YES;
				CLANG_WARN_STRICT_PROTOTYPES = YES;
				CLANG_WARN_SUSPICIOUS_MOVE = YES;
				CLANG_WARN_UNGUARDED_AVAILABILITY = YES_AGGRESSIVE;
				CLANG_WARN_UNREACHABLE_CODE = YES;
				CLANG_WARN__DUPLICATE_METHOD_MATCH = YES;
				CODE_SIGN_IDENTITY = "iPhone Developer";
				COPY_PHASE_STRIP = NO;
				DEBUG_INFORMATION_FORMAT = dwarf;
				ENABLE_STRICT_OBJC_MSGSEND = YES;
				ENABLE_TESTABILITY = YES;
				GCC_C_LANGUAGE_STANDARD = gnu11;
				GCC_DYNAMIC_NO_PIC = NO;
				GCC_NO_COMMON_BLOCKS = YES;
				GCC_OPTIMIZATION_LEVEL = 0;
				GCC_PREPROCESSOR_DEFINITIONS = (
					"DEBUG=1",
					"$(inherited)",
				);
				GCC_WARN_64_TO_32_BIT_CONVERSION = YES;
				GCC_WARN_ABOUT_RETURN_TYPE = YES_ERROR;
				GCC_WARN_UNDECLARED_SELECTOR = YES;
				GCC_WARN_UNINITIALIZED_AUTOS = YES_AGGRESSIVE;
				GCC_WARN_UNUSED_FUNCTION = YES;
				GCC_WARN_UNUSED_VARIABLE = YES;
				IPHONEOS_DEPLOYMENT_TARGET = 12.2;
				MTL_ENABLE_DEBUG_INFO = INCLUDE_SOURCE;
				MTL_FAST_MATH = YES;
				ONLY_ACTIVE_ARCH = YES;
				SDKROOT = iphoneos;
				SWIFT_ACTIVE_COMPILATION_CONDITIONS = DEBUG;
				SWIFT_OPTIMIZATION_LEVEL = "-Onone";
			};
			name = Debug;
		};
		A359534B22BC0B19001B25C2 /* Release */ = {
			isa = XCBuildConfiguration;
			buildSettings = {
				ALWAYS_SEARCH_USER_PATHS = NO;
				CLANG_ANALYZER_NONNULL = YES;
				CLANG_ANALYZER_NUMBER_OBJECT_CONVERSION = YES_AGGRESSIVE;
				CLANG_CXX_LANGUAGE_STANDARD = "gnu++14";
				CLANG_CXX_LIBRARY = "libc++";
				CLANG_ENABLE_MODULES = YES;
				CLANG_ENABLE_OBJC_ARC = YES;
				CLANG_ENABLE_OBJC_WEAK = YES;
				CLANG_WARN_BLOCK_CAPTURE_AUTORELEASING = YES;
				CLANG_WARN_BOOL_CONVERSION = YES;
				CLANG_WARN_COMMA = YES;
				CLANG_WARN_CONSTANT_CONVERSION = YES;
				CLANG_WARN_DEPRECATED_OBJC_IMPLEMENTATIONS = YES;
				CLANG_WARN_DIRECT_OBJC_ISA_USAGE = YES_ERROR;
				CLANG_WARN_DOCUMENTATION_COMMENTS = YES;
				CLANG_WARN_EMPTY_BODY = YES;
				CLANG_WARN_ENUM_CONVERSION = YES;
				CLANG_WARN_INFINITE_RECURSION = YES;
				CLANG_WARN_INT_CONVERSION = YES;
				CLANG_WARN_NON_LITERAL_NULL_CONVERSION = YES;
				CLANG_WARN_OBJC_IMPLICIT_RETAIN_SELF = YES;
				CLANG_WARN_OBJC_LITERAL_CONVERSION = YES;
				CLANG_WARN_OBJC_ROOT_CLASS = YES_ERROR;
				CLANG_WARN_RANGE_LOOP_ANALYSIS = YES;
				CLANG_WARN_STRICT_PROTOTYPES = YES;
				CLANG_WARN_SUSPICIOUS_MOVE = YES;
				CLANG_WARN_UNGUARDED_AVAILABILITY = YES_AGGRESSIVE;
				CLANG_WARN_UNREACHABLE_CODE = YES;
				CLANG_WARN__DUPLICATE_METHOD_MATCH = YES;
				CODE_SIGN_IDENTITY = "iPhone Developer";
				COPY_PHASE_STRIP = NO;
				DEBUG_INFORMATION_FORMAT = "dwarf-with-dsym";
				ENABLE_NS_ASSERTIONS = NO;
				ENABLE_STRICT_OBJC_MSGSEND = YES;
				GCC_C_LANGUAGE_STANDARD = gnu11;
				GCC_NO_COMMON_BLOCKS = YES;
				GCC_WARN_64_TO_32_BIT_CONVERSION = YES;
				GCC_WARN_ABOUT_RETURN_TYPE = YES_ERROR;
				GCC_WARN_UNDECLARED_SELECTOR = YES;
				GCC_WARN_UNINITIALIZED_AUTOS = YES_AGGRESSIVE;
				GCC_WARN_UNUSED_FUNCTION = YES;
				GCC_WARN_UNUSED_VARIABLE = YES;
				IPHONEOS_DEPLOYMENT_TARGET = 12.2;
				MTL_ENABLE_DEBUG_INFO = NO;
				MTL_FAST_MATH = YES;
				SDKROOT = iphoneos;
				SWIFT_COMPILATION_MODE = wholemodule;
				SWIFT_OPTIMIZATION_LEVEL = "-O";
				VALIDATE_PRODUCT = YES;
			};
			name = Release;
		};
		A359534D22BC0B19001B25C2 /* Debug */ = {
			isa = XCBuildConfiguration;
			buildSettings = {
				ASSETCATALOG_COMPILER_APPICON_NAME = AppIcon;
				CODE_SIGN_STYLE = Automatic;
				DEVELOPMENT_TEAM = YCM89TM33A;
				INFOPLIST_FILE = Alert/Info.plist;
				LD_RUNPATH_SEARCH_PATHS = (
					"$(inherited)",
					"@executable_path/Frameworks",
				);
				PRODUCT_BUNDLE_IDENTIFIER = "LSD-Inc..Alert";
				PRODUCT_NAME = "$(TARGET_NAME)";
				SWIFT_VERSION = 5.0;
				TARGETED_DEVICE_FAMILY = "1,2";
			};
			name = Debug;
		};
		A359534E22BC0B19001B25C2 /* Release */ = {
			isa = XCBuildConfiguration;
			buildSettings = {
				ASSETCATALOG_COMPILER_APPICON_NAME = AppIcon;
				CODE_SIGN_STYLE = Automatic;
				DEVELOPMENT_TEAM = YCM89TM33A;
				INFOPLIST_FILE = Alert/Info.plist;
				LD_RUNPATH_SEARCH_PATHS = (
					"$(inherited)",
					"@executable_path/Frameworks",
				);
				PRODUCT_BUNDLE_IDENTIFIER = "LSD-Inc..Alert";
				PRODUCT_NAME = "$(TARGET_NAME)";
				SWIFT_VERSION = 5.0;
				TARGETED_DEVICE_FAMILY = "1,2";
			};
			name = Release;
		};
/* End XCBuildConfiguration section */

/* Begin XCConfigurationList section */
		A359533522BC0B17001B25C2 /* Build configuration list for PBXProject "Alert" */ = {
			isa = XCConfigurationList;
			buildConfigurations = (
				A359534A22BC0B19001B25C2 /* Debug */,
				A359534B22BC0B19001B25C2 /* Release */,
			);
			defaultConfigurationIsVisible = 0;
			defaultConfigurationName = Release;
		};
		A359534C22BC0B19001B25C2 /* Build configuration list for PBXNativeTarget "Alert" */ = {
			isa = XCConfigurationList;
			buildConfigurations = (
				A359534D22BC0B19001B25C2 /* Debug */,
				A359534E22BC0B19001B25C2 /* Release */,
			);
			defaultConfigurationIsVisible = 0;
			defaultConfigurationName = Release;
		};
/* End XCConfigurationList section */
	};
	rootObject = A359533222BC0B17001B25C2 /* Project object */;
}
